
Microsoft Visual Studio Solution File, Format Version 12.00
# Visual Studio Version 17
VisualStudioVersion = 17.9.34714.143
MinimumVisualStudioVersion = 10.0.40219.1
Project("{9A19103F-16F7-4668-BE54-9A1E7A4F7556}") = "CloudGames.Users.WebAPI", ".\src\CloudGames.Users.WebAPI\CloudGames.Users.WebAPI.csproj", "{3FD74F84-CA74-4F8D-A563-3F44C665750C}"
EndProject
Project("{9A19103F-16F7-4668-BE54-9A1E7A4F7556}") = "CloudGames.Users.Application", ".\src\CloudGames.Users.Application\CloudGames.Users.Application.csproj", "{BE9E387D-E32A-47C3-AA48-AE376AF37BA5}"
EndProject
Project("{FAE04EC0-301F-11D3-BF4B-00C04F79EFBC}") = "CloudGames.Users.Domain", ".\src\CloudGames.Users.Domain\CloudGames.Users.Domain.csproj", "{979FF286-1974-4B19-A75E-A0F015C139AD}"
EndProject
Project("{FAE04EC0-301F-11D3-BF4B-00C04F79EFBC}") = "CloudGames.Users.Infrastructure", ".\src\CloudGames.Users.Infrastructure\CloudGames.Users.Infrastructure.csproj", "{49F55F68-EA24-4F69-8D3C-08FA03585B3A}"
EndProject
Global
	GlobalSection(SolutionConfigurationPlatforms) = preSolution
		Debug|Any CPU = Debug|Any CPU
		Release|Any CPU = Release|Any CPU
	EndGlobalSection
	GlobalSection(ProjectConfigurationPlatforms) = postSolution
		{3FD74F84-CA74-4F8D-A563-3F44C665750C}.Debug|Any CPU.ActiveCfg = Debug|Any CPU
		{3FD74F84-CA74-4F8D-A563-3F44C665750C}.Debug|Any CPU.Build.0 = Debug|Any CPU
		{3FD74F84-CA74-4F8D-A563-3F44C665750C}.Release|Any CPU.ActiveCfg = Release|Any CPU
		{3FD74F84-CA74-4F8D-A563-3F44C665750C}.Release|Any CPU.Build.0 = Release|Any CPU
		{BE9E387D-E32A-47C3-AA48-AE376AF37BA5}.Debug|Any CPU.ActiveCfg = Debug|Any CPU
		{BE9E387D-E32A-47C3-AA48-AE376AF37BA5}.Debug|Any CPU.Build.0 = Debug|Any CPU
		{BE9E387D-E32A-47C3-AA48-AE376AF37BA5}.Release|Any CPU.ActiveCfg = Release|Any CPU
		{BE9E387D-E32A-47C3-AA48-AE376AF37BA5}.Release|Any CPU.Build.0 = Release|Any CPU
		{979FF286-1974-4B19-A75E-A0F015C139AD}.Debug|Any CPU.ActiveCfg = Debug|Any CPU
		{979FF286-1974-4B19-A75E-A0F015C139AD}.Debug|Any CPU.Build.0 = Debug|Any CPU
		{979FF286-1974-4B19-A75E-A0F015C139AD}.Release|Any CPU.ActiveCfg = Release|Any CPU
		{979FF286-1974-4B19-A75E-A0F015C139AD}.Release|Any CPU.Build.0 = Release|Any CPU
		{49F55F68-EA24-4F69-8D3C-08FA03585B3A}.Debug|Any CPU.ActiveCfg = Debug|Any CPU
		{49F55F68-EA24-4F69-8D3C-08FA03585B3A}.Debug|Any CPU.Build.0 = Debug|Any CPU
		{49F55F68-EA24-4F69-8D3C-08FA03585B3A}.Release|Any CPU.ActiveCfg = Release|Any CPU
		{49F55F68-EA24-4F69-8D3C-08FA03585B3A}.Release|Any CPU.Build.0 = Release|Any CPU
	EndGlobalSection
	GlobalSection(SolutionProperties) = preSolution
		HideSolutionNode = FALSE
	EndGlobalSection
	GlobalSection(ExtensibilityGlobals) = postSolution
		SolutionGuid = {023D8891-96E2-4CC9-A376-5622ABA8A0C3}
	EndGlobalSection
EndGlobal
